// !$*UTF8*$!
{
	archiveVersion = 1;
	classes = {
	};
	objectVersion = 56;
	objects = {

/* Begin PBXBuildFile section */
		492C313B299B7E3900390D9D /* Chatroom_messageApp.swift in Sources */ = {isa = PBXBuildFile; fileRef = 492C313A299B7E3900390D9D /* Chatroom_messageApp.swift */; };
		492C313D299B7E3900390D9D /* ContentView.swift in Sources */ = {isa = PBXBuildFile; fileRef = 492C313C299B7E3900390D9D /* ContentView.swift */; };
		492C313F299B7E3A00390D9D /* Assets.xcassets in Resources */ = {isa = PBXBuildFile; fileRef = 492C313E299B7E3A00390D9D /* Assets.xcassets */; };
		492C3142299B7E3A00390D9D /* Preview Assets.xcassets in Resources */ = {isa = PBXBuildFile; fileRef = 492C3141299B7E3A00390D9D /* Preview Assets.xcassets */; };
		492C3144299B7E3A00390D9D /* Persistence.swift in Sources */ = {isa = PBXBuildFile; fileRef = 492C3143299B7E3A00390D9D /* Persistence.swift */; };
		492C3147299B7E3A00390D9D /* Chatroom_message.xcdatamodeld in Sources */ = {isa = PBXBuildFile; fileRef = 492C3145299B7E3A00390D9D /* Chatroom_message.xcdatamodeld */; };
		492C3151299B7E3B00390D9D /* Chatroom_messageTests.swift in Sources */ = {isa = PBXBuildFile; fileRef = 492C3150299B7E3B00390D9D /* Chatroom_messageTests.swift */; };
		492C315B299B7E3B00390D9D /* Chatroom_messageUITests.swift in Sources */ = {isa = PBXBuildFile; fileRef = 492C315A299B7E3B00390D9D /* Chatroom_messageUITests.swift */; };
		492C315D299B7E3B00390D9D /* Chatroom_messageUITestsLaunchTests.swift in Sources */ = {isa = PBXBuildFile; fileRef = 492C315C299B7E3B00390D9D /* Chatroom_messageUITestsLaunchTests.swift */; };
/* End PBXBuildFile section */

/* Begin PBXContainerItemProxy section */
		492C314D299B7E3B00390D9D /* PBXContainerItemProxy */ = {
			isa = PBXContainerItemProxy;
			containerPortal = 492C312F299B7E3900390D9D /* Project object */;
			proxyType = 1;
			remoteGlobalIDString = 492C3136299B7E3900390D9D;
			remoteInfo = "Chatroom message";
		};
		492C3157299B7E3B00390D9D /* PBXContainerItemProxy */ = {
			isa = PBXContainerItemProxy;
			containerPortal = 492C312F299B7E3900390D9D /* Project object */;
			proxyType = 1;
			remoteGlobalIDString = 492C3136299B7E3900390D9D;
			remoteInfo = "Chatroom message";
		};
/* End PBXContainerItemProxy section */

/* Begin PBXFileReference section */
		492C3137299B7E3900390D9D /* Chatroom message.app */ = {isa = PBXFileReference; explicitFileType = wrapper.application; includeInIndex = 0; path = "Chatroom message.app"; sourceTree = BUILT_PRODUCTS_DIR; };
		492C313A299B7E3900390D9D /* Chatroom_messageApp.swift */ = {isa = PBXFileReference; lastKnownFileType = sourcecode.swift; path = Chatroom_messageApp.swift; sourceTree = "<group>"; };
		492C313C299B7E3900390D9D /* ContentView.swift */ = {isa = PBXFileReference; lastKnownFileType = sourcecode.swift; path = ContentView.swift; sourceTree = "<group>"; };
		492C313E299B7E3A00390D9D /* Assets.xcassets */ = {isa = PBXFileReference; lastKnownFileType = folder.assetcatalog; path = Assets.xcassets; sourceTree = "<group>"; };
		492C3141299B7E3A00390D9D /* Preview Assets.xcassets */ = {isa = PBXFileReference; lastKnownFileType = folder.assetcatalog; path = "Preview Assets.xcassets"; sourceTree = "<group>"; };
		492C3143299B7E3A00390D9D /* Persistence.swift */ = {isa = PBXFileReference; lastKnownFileType = sourcecode.swift; path = Persistence.swift; sourceTree = "<group>"; };
		492C3146299B7E3A00390D9D /* Chatroom_message.xcdatamodel */ = {isa = PBXFileReference; lastKnownFileType = wrapper.xcdatamodel; path = Chatroom_message.xcdatamodel; sourceTree = "<group>"; };
		492C314C299B7E3B00390D9D /* Chatroom messageTests.xctest */ = {isa = PBXFileReference; explicitFileType = wrapper.cfbundle; includeInIndex = 0; path = "Chatroom messageTests.xctest"; sourceTree = BUILT_PRODUCTS_DIR; };
		492C3150299B7E3B00390D9D /* Chatroom_messageTests.swift */ = {isa = PBXFileReference; lastKnownFileType = sourcecode.swift; path = Chatroom_messageTests.swift; sourceTree = "<group>"; };
		492C3156299B7E3B00390D9D /* Chatroom messageUITests.xctest */ = {isa = PBXFileReference; explicitFileType = wrapper.cfbundle; includeInIndex = 0; path = "Chatroom messageUITests.xctest"; sourceTree = BUILT_PRODUCTS_DIR; };
		492C315A299B7E3B00390D9D /* Chatroom_messageUITests.swift */ = {isa = PBXFileReference; lastKnownFileType = sourcecode.swift; path = Chatroom_messageUITests.swift; sourceTree = "<group>"; };
		492C315C299B7E3B00390D9D /* Chatroom_messageUITestsLaunchTests.swift */ = {isa = PBXFileReference; lastKnownFileType = sourcecode.swift; path = Chatroom_messageUITestsLaunchTests.swift; sourceTree = "<group>"; };
/* End PBXFileReference section */

/* Begin PBXFrameworksBuildPhase section */
		492C3134299B7E3900390D9D /* Frameworks */ = {
			isa = PBXFrameworksBuildPhase;
			buildActionMask = 2147483647;
			files = (
			);
			runOnlyForDeploymentPostprocessing = 0;
		};
		492C3149299B7E3B00390D9D /* Frameworks */ = {
			isa = PBXFrameworksBuildPhase;
			buildActionMask = 2147483647;
			files = (
			);
			runOnlyForDeploymentPostprocessing = 0;
		};
		492C3153299B7E3B00390D9D /* Frameworks */ = {
			isa = PBXFrameworksBuildPhase;
			buildActionMask = 2147483647;
			files = (
			);
			runOnlyForDeploymentPostprocessing = 0;
		};
/* End PBXFrameworksBuildPhase section */

/* Begin PBXGroup section */
		492C312E299B7E3900390D9D = {
			isa = PBXGroup;
			children = (
				492C3139299B7E3900390D9D /* Chatroom message */,
				492C314F299B7E3B00390D9D /* Chatroom messageTests */,
				492C3159299B7E3B00390D9D /* Chatroom messageUITests */,
				492C3138299B7E3900390D9D /* Products */,
			);
			sourceTree = "<group>";
		};
		492C3138299B7E3900390D9D /* Products */ = {
			isa = PBXGroup;
			children = (
				492C3137299B7E3900390D9D /* Chatroom message.app */,
				492C314C299B7E3B00390D9D /* Chatroom messageTests.xctest */,
				492C3156299B7E3B00390D9D /* Chatroom messageUITests.xctest */,
			);
			name = Products;
			sourceTree = "<group>";
		};
		492C3139299B7E3900390D9D /* Chatroom message */ = {
			isa = PBXGroup;
			children = (
				492C313A299B7E3900390D9D /* Chatroom_messageApp.swift */,
				492C313C299B7E3900390D9D /* ContentView.swift */,
				492C313E299B7E3A00390D9D /* Assets.xcassets */,
				492C3143299B7E3A00390D9D /* Persistence.swift */,
				492C3145299B7E3A00390D9D /* Chatroom_message.xcdatamodeld */,
				492C3140299B7E3A00390D9D /* Preview Content */,
			);
			path = "Chatroom message";
			sourceTree = "<group>";
		};
		492C3140299B7E3A00390D9D /* Preview Content */ = {
			isa = PBXGroup;
			children = (
				492C3141299B7E3A00390D9D /* Preview Assets.xcassets */,
			);
			path = "Preview Content";
			sourceTree = "<group>";
		};
		492C314F299B7E3B00390D9D /* Chatroom messageTests */ = {
			isa = PBXGroup;
			children = (
				492C3150299B7E3B00390D9D /* Chatroom_messageTests.swift */,
			);
			path = "Chatroom messageTests";
			sourceTree = "<group>";
		};
		492C3159299B7E3B00390D9D /* Chatroom messageUITests */ = {
			isa = PBXGroup;
			children = (
				492C315A299B7E3B00390D9D /* Chatroom_messageUITests.swift */,
				492C315C299B7E3B00390D9D /* Chatroom_messageUITestsLaunchTests.swift */,
			);
			path = "Chatroom messageUITests";
			sourceTree = "<group>";
		};
/* End PBXGroup section */

/* Begin PBXNativeTarget section */
		492C3136299B7E3900390D9D /* Chatroom message */ = {
			isa = PBXNativeTarget;
			buildConfigurationList = 492C3160299B7E3B00390D9D /* Build configuration list for PBXNativeTarget "Chatroom message" */;
			buildPhases = (
				492C3133299B7E3900390D9D /* Sources */,
				492C3134299B7E3900390D9D /* Frameworks */,
				492C3135299B7E3900390D9D /* Resources */,
			);
			buildRules = (
			);
			dependencies = (
			);
			name = "Chatroom message";
			productName = "Chatroom message";
			productReference = 492C3137299B7E3900390D9D /* Chatroom message.app */;
			productType = "com.apple.product-type.application";
		};
		492C314B299B7E3B00390D9D /* Chatroom messageTests */ = {
			isa = PBXNativeTarget;
			buildConfigurationList = 492C3163299B7E3B00390D9D /* Build configuration list for PBXNativeTarget "Chatroom messageTests" */;
			buildPhases = (
				492C3148299B7E3B00390D9D /* Sources */,
				492C3149299B7E3B00390D9D /* Frameworks */,
				492C314A299B7E3B00390D9D /* Resources */,
			);
			buildRules = (
			);
			dependencies = (
				492C314E299B7E3B00390D9D /* PBXTargetDependency */,
			);
			name = "Chatroom messageTests";
			productName = "Chatroom messageTests";
			productReference = 492C314C299B7E3B00390D9D /* Chatroom messageTests.xctest */;
			productType = "com.apple.product-type.bundle.unit-test";
		};
		492C3155299B7E3B00390D9D /* Chatroom messageUITests */ = {
			isa = PBXNativeTarget;
			buildConfigurationList = 492C3166299B7E3B00390D9D /* Build configuration list for PBXNativeTarget "Chatroom messageUITests" */;
			buildPhases = (
				492C3152299B7E3B00390D9D /* Sources */,
				492C3153299B7E3B00390D9D /* Frameworks */,
				492C3154299B7E3B00390D9D /* Resources */,
			);
			buildRules = (
			);
			dependencies = (
				492C3158299B7E3B00390D9D /* PBXTargetDependency */,
			);
			name = "Chatroom messageUITests";
			productName = "Chatroom messageUITests";
			productReference = 492C3156299B7E3B00390D9D /* Chatroom messageUITests.xctest */;
			productType = "com.apple.product-type.bundle.ui-testing";
		};
/* End PBXNativeTarget section */

/* Begin PBXProject section */
		492C312F299B7E3900390D9D /* Project object */ = {
			isa = PBXProject;
			attributes = {
				BuildIndependentTargetsInParallel = 1;
				LastSwiftUpdateCheck = 1420;
				LastUpgradeCheck = 1420;
				TargetAttributes = {
					492C3136299B7E3900390D9D = {
						CreatedOnToolsVersion = 14.2;
					};
					492C314B299B7E3B00390D9D = {
						CreatedOnToolsVersion = 14.2;
						TestTargetID = 492C3136299B7E3900390D9D;
					};
					492C3155299B7E3B00390D9D = {
						CreatedOnToolsVersion = 14.2;
						TestTargetID = 492C3136299B7E3900390D9D;
					};
				};
			};
			buildConfigurationList = 492C3132299B7E3900390D9D /* Build configuration list for PBXProject "Chatroom message" */;
			compatibilityVersion = "Xcode 14.0";
			developmentRegion = en;
			hasScannedForEncodings = 0;
			knownRegions = (
				en,
				Base,
			);
			mainGroup = 492C312E299B7E3900390D9D;
			productRefGroup = 492C3138299B7E3900390D9D /* Products */;
			projectDirPath = "";
			projectRoot = "";
			targets = (
				492C3136299B7E3900390D9D /* Chatroom message */,
				492C314B299B7E3B00390D9D /* Chatroom messageTests */,
				492C3155299B7E3B00390D9D /* Chatroom messageUITests */,
			);
		};
/* End PBXProject section */

/* Begin PBXResourcesBuildPhase section */
		492C3135299B7E3900390D9D /* Resources */ = {
			isa = PBXResourcesBuildPhase;
			buildActionMask = 2147483647;
			files = (
				492C3142299B7E3A00390D9D /* Preview Assets.xcassets in Resources */,
				492C313F299B7E3A00390D9D /* Assets.xcassets in Resources */,
			);
			runOnlyForDeploymentPostprocessing = 0;
		};
		492C314A299B7E3B00390D9D /* Resources */ = {
			isa = PBXResourcesBuildPhase;
			buildActionMask = 2147483647;
			files = (
			);
			runOnlyForDeploymentPostprocessing = 0;
		};
		492C3154299B7E3B00390D9D /* Resources */ = {
			isa = PBXResourcesBuildPhase;
			buildActionMask = 2147483647;
			files = (
			);
			runOnlyForDeploymentPostprocessing = 0;
		};
/* End PBXResourcesBuildPhase section */

/* Begin PBXSourcesBuildPhase section */
		492C3133299B7E3900390D9D /* Sources */ = {
			isa = PBXSourcesBuildPhase;
			buildActionMask = 2147483647;
			files = (
				492C3144299B7E3A00390D9D /* Persistence.swift in Sources */,
				492C313D299B7E3900390D9D /* ContentView.swift in Sources */,
				492C3147299B7E3A00390D9D /* Chatroom_message.xcdatamodeld in Sources */,
				492C313B299B7E3900390D9D /* Chatroom_messageApp.swift in Sources */,
			);
			runOnlyForDeploymentPostprocessing = 0;
		};
		492C3148299B7E3B00390D9D /* Sources */ = {
			isa = PBXSourcesBuildPhase;
			buildActionMask = 2147483647;
			files = (
				492C3151299B7E3B00390D9D /* Chatroom_messageTests.swift in Sources */,
			);
			runOnlyForDeploymentPostprocessing = 0;
		};
		492C3152299B7E3B00390D9D /* Sources */ = {
			isa = PBXSourcesBuildPhase;
			buildActionMask = 2147483647;
			files = (
				492C315B299B7E3B00390D9D /* Chatroom_messageUITests.swift in Sources */,
				492C315D299B7E3B00390D9D /* Chatroom_messageUITestsLaunchTests.swift in Sources */,
			);
			runOnlyForDeploymentPostprocessing = 0;
		};
/* End PBXSourcesBuildPhase section */

/* Begin PBXTargetDependency section */
		492C314E299B7E3B00390D9D /* PBXTargetDependency */ = {
			isa = PBXTargetDependency;
			target = 492C3136299B7E3900390D9D /* Chatroom message */;
			targetProxy = 492C314D299B7E3B00390D9D /* PBXContainerItemProxy */;
		};
		492C3158299B7E3B00390D9D /* PBXTargetDependency */ = {
			isa = PBXTargetDependency;
			target = 492C3136299B7E3900390D9D /* Chatroom message */;
			targetProxy = 492C3157299B7E3B00390D9D /* PBXContainerItemProxy */;
		};
/* End PBXTargetDependency section */

/* Begin XCBuildConfiguration section */
		492C315E299B7E3B00390D9D /* Debug */ = {
			isa = XCBuildConfiguration;
			buildSettings = {
				ALWAYS_SEARCH_USER_PATHS = NO;
				CLANG_ANALYZER_NONNULL = YES;
				CLANG_ANALYZER_NUMBER_OBJECT_CONVERSION = YES_AGGRESSIVE;
				CLANG_CXX_LANGUAGE_STANDARD = "gnu++20";
				CLANG_ENABLE_MODULES = YES;
				CLANG_ENABLE_OBJC_ARC = YES;
				CLANG_ENABLE_OBJC_WEAK = YES;
				CLANG_WARN_BLOCK_CAPTURE_AUTORELEASING = YES;
				CLANG_WARN_BOOL_CONVERSION = YES;
				CLANG_WARN_COMMA = YES;
				CLANG_WARN_CONSTANT_CONVERSION = YES;
				CLANG_WARN_DEPRECATED_OBJC_IMPLEMENTATIONS = YES;
				CLANG_WARN_DIRECT_OBJC_ISA_USAGE = YES_ERROR;
				CLANG_WARN_DOCUMENTATION_COMMENTS = YES;
				CLANG_WARN_EMPTY_BODY = YES;
				CLANG_WARN_ENUM_CONVERSION = YES;
				CLANG_WARN_INFINITE_RECURSION = YES;
				CLANG_WARN_INT_CONVERSION = YES;
				CLANG_WARN_NON_LITERAL_NULL_CONVERSION = YES;
				CLANG_WARN_OBJC_IMPLICIT_RETAIN_SELF = YES;
				CLANG_WARN_OBJC_LITERAL_CONVERSION = YES;
				CLANG_WARN_OBJC_ROOT_CLASS = YES_ERROR;
				CLANG_WARN_QUOTED_INCLUDE_IN_FRAMEWORK_HEADER = YES;
				CLANG_WARN_RANGE_LOOP_ANALYSIS = YES;
				CLANG_WARN_STRICT_PROTOTYPES = YES;
				CLANG_WARN_SUSPICIOUS_MOVE = YES;
				CLANG_WARN_UNGUARDED_AVAILABILITY = YES_AGGRESSIVE;
				CLANG_WARN_UNREACHABLE_CODE = YES;
				CLANG_WARN__DUPLICATE_METHOD_MATCH = YES;
				COPY_PHASE_STRIP = NO;
				DEBUG_INFORMATION_FORMAT = dwarf;
				ENABLE_STRICT_OBJC_MSGSEND = YES;
				ENABLE_TESTABILITY = YES;
				GCC_C_LANGUAGE_STANDARD = gnu11;
				GCC_DYNAMIC_NO_PIC = NO;
				GCC_NO_COMMON_BLOCKS = YES;
				GCC_OPTIMIZATION_LEVEL = 0;
				GCC_PREPROCESSOR_DEFINITIONS = (
					"DEBUG=1",
					"$(inherited)",
				);
				GCC_WARN_64_TO_32_BIT_CONVERSION = YES;
				GCC_WARN_ABOUT_RETURN_TYPE = YES_ERROR;
				GCC_WARN_UNDECLARED_SELECTOR = YES;
				GCC_WARN_UNINITIALIZED_AUTOS = YES_AGGRESSIVE;
				GCC_WARN_UNUSED_FUNCTION = YES;
				GCC_WARN_UNUSED_VARIABLE = YES;
				IPHONEOS_DEPLOYMENT_TARGET = 16.2;
				MTL_ENABLE_DEBUG_INFO = INCLUDE_SOURCE;
				MTL_FAST_MATH = YES;
				ONLY_ACTIVE_ARCH = YES;
				SDKROOT = iphoneos;
				SWIFT_ACTIVE_COMPILATION_CONDITIONS = DEBUG;
				SWIFT_OPTIMIZATION_LEVEL = "-Onone";
			};
			name = Debug;
		};
		492C315F299B7E3B00390D9D /* Release */ = {
			isa = XCBuildConfiguration;
			buildSettings = {
				ALWAYS_SEARCH_USER_PATHS = NO;
				CLANG_ANALYZER_NONNULL = YES;
				CLANG_ANALYZER_NUMBER_OBJECT_CONVERSION = YES_AGGRESSIVE;
				CLANG_CXX_LANGUAGE_STANDARD = "gnu++20";
				CLANG_ENABLE_MODULES = YES;
				CLANG_ENABLE_OBJC_ARC = YES;
				CLANG_ENABLE_OBJC_WEAK = YES;
				CLANG_WARN_BLOCK_CAPTURE_AUTORELEASING = YES;
				CLANG_WARN_BOOL_CONVERSION = YES;
				CLANG_WARN_COMMA = YES;
				CLANG_WARN_CONSTANT_CONVERSION = YES;
				CLANG_WARN_DEPRECATED_OBJC_IMPLEMENTATIONS = YES;
				CLANG_WARN_DIRECT_OBJC_ISA_USAGE = YES_ERROR;
				CLANG_WARN_DOCUMENTATION_COMMENTS = YES;
				CLANG_WARN_EMPTY_BODY = YES;
				CLANG_WARN_ENUM_CONVERSION = YES;
				CLANG_WARN_INFINITE_RECURSION = YES;
				CLANG_WARN_INT_CONVERSION = YES;
				CLANG_WARN_NON_LITERAL_NULL_CONVERSION = YES;
				CLANG_WARN_OBJC_IMPLICIT_RETAIN_SELF = YES;
				CLANG_WARN_OBJC_LITERAL_CONVERSION = YES;
				CLANG_WARN_OBJC_ROOT_CLASS = YES_ERROR;
				CLANG_WARN_QUOTED_INCLUDE_IN_FRAMEWORK_HEADER = YES;
				CLANG_WARN_RANGE_LOOP_ANALYSIS = YES;
				CLANG_WARN_STRICT_PROTOTYPES = YES;
				CLANG_WARN_SUSPICIOUS_MOVE = YES;
				CLANG_WARN_UNGUARDED_AVAILABILITY = YES_AGGRESSIVE;
				CLANG_WARN_UNREACHABLE_CODE = YES;
				CLANG_WARN__DUPLICATE_METHOD_MATCH = YES;
				COPY_PHASE_STRIP = NO;
				DEBUG_INFORMATION_FORMAT = "dwarf-with-dsym";
				ENABLE_NS_ASSERTIONS = NO;
				ENABLE_STRICT_OBJC_MSGSEND = YES;
				GCC_C_LANGUAGE_STANDARD = gnu11;
				GCC_NO_COMMON_BLOCKS = YES;
				GCC_WARN_64_TO_32_BIT_CONVERSION = YES;
				GCC_WARN_ABOUT_RETURN_TYPE = YES_ERROR;
				GCC_WARN_UNDECLARED_SELECTOR = YES;
				GCC_WARN_UNINITIALIZED_AUTOS = YES_AGGRESSIVE;
				GCC_WARN_UNUSED_FUNCTION = YES;
				GCC_WARN_UNUSED_VARIABLE = YES;
				IPHONEOS_DEPLOYMENT_TARGET = 16.2;
				MTL_ENABLE_DEBUG_INFO = NO;
				MTL_FAST_MATH = YES;
				SDKROOT = iphoneos;
				SWIFT_COMPILATION_MODE = wholemodule;
				SWIFT_OPTIMIZATION_LEVEL = "-O";
				VALIDATE_PRODUCT = YES;
			};
			name = Release;
		};
		492C3161299B7E3B00390D9D /* Debug */ = {
			isa = XCBuildConfiguration;
			buildSettings = {
				ASSETCATALOG_COMPILER_APPICON_NAME = AppIcon;
				ASSETCATALOG_COMPILER_GLOBAL_ACCENT_COLOR_NAME = AccentColor;
				CODE_SIGN_STYLE = Automatic;
				CURRENT_PROJECT_VERSION = 1;
				DEVELOPMENT_ASSET_PATHS = "\"Chatroom message/Preview Content\"";
				DEVELOPMENT_TEAM = A9ZN9N3ZUM;
				ENABLE_PREVIEWS = YES;
				GENERATE_INFOPLIST_FILE = YES;
				INFOPLIST_KEY_UIApplicationSceneManifest_Generation = YES;
				INFOPLIST_KEY_UIApplicationSupportsIndirectInputEvents = YES;
				INFOPLIST_KEY_UILaunchScreen_Generation = YES;
				INFOPLIST_KEY_UISupportedInterfaceOrientations_iPad = "UIInterfaceOrientationPortrait UIInterfaceOrientationPortraitUpsideDown UIInterfaceOrientationLandscapeLeft UIInterfaceOrientationLandscapeRight";
				INFOPLIST_KEY_UISupportedInterfaceOrientations_iPhone = "UIInterfaceOrientationPortrait UIInterfaceOrientationLandscapeLeft UIInterfaceOrientationLandscapeRight";
				LD_RUNPATH_SEARCH_PATHS = (
					"$(inherited)",
					"@executable_path/Frameworks",
				);
				MARKETING_VERSION = 1.0;
				PRODUCT_BUNDLE_IDENTIFIER = "Navic.Chatroom-message";
				PRODUCT_NAME = "$(TARGET_NAME)";
				SWIFT_EMIT_LOC_STRINGS = YES;
				SWIFT_VERSION = 5.0;
				TARGETED_DEVICE_FAMILY = "1,2";
			};
			name = Debug;
		};
		492C3162299B7E3B00390D9D /* Release */ = {
			isa = XCBuildConfiguration;
			buildSettings = {
				ASSETCATALOG_COMPILER_APPICON_NAME = AppIcon;
				ASSETCATALOG_COMPILER_GLOBAL_ACCENT_COLOR_NAME = AccentColor;
				CODE_SIGN_STYLE = Automatic;
				CURRENT_PROJECT_VERSION = 1;
				DEVELOPMENT_ASSET_PATHS = "\"Chatroom message/Preview Content\"";
				DEVELOPMENT_TEAM = A9ZN9N3ZUM;
				ENABLE_PREVIEWS = YES;
				GENERATE_INFOPLIST_FILE = YES;
				INFOPLIST_KEY_UIApplicationSceneManifest_Generation = YES;
				INFOPLIST_KEY_UIApplicationSupportsIndirectInputEvents = YES;
				INFOPLIST_KEY_UILaunchScreen_Generation = YES;
				INFOPLIST_KEY_UISupportedInterfaceOrientations_iPad = "UIInterfaceOrientationPortrait UIInterfaceOrientationPortraitUpsideDown UIInterfaceOrientationLandscapeLeft UIInterfaceOrientationLandscapeRight";
				INFOPLIST_KEY_UISupportedInterfaceOrientations_iPhone = "UIInterfaceOrientationPortrait UIInterfaceOrientationLandscapeLeft UIInterfaceOrientationLandscapeRight";
				LD_RUNPATH_SEARCH_PATHS = (
					"$(inherited)",
					"@executable_path/Frameworks",
				);
				MARKETING_VERSION = 1.0;
				PRODUCT_BUNDLE_IDENTIFIER = "Navic.Chatroom-message";
				PRODUCT_NAME = "$(TARGET_NAME)";
				SWIFT_EMIT_LOC_STRINGS = YES;
				SWIFT_VERSION = 5.0;
				TARGETED_DEVICE_FAMILY = "1,2";
			};
			name = Release;
		};
		492C3164299B7E3B00390D9D /* Debug */ = {
			isa = XCBuildConfiguration;
			buildSettings = {
				ALWAYS_EMBED_SWIFT_STANDARD_LIBRARIES = YES;
				BUNDLE_LOADER = "$(TEST_HOST)";
				CODE_SIGN_STYLE = Automatic;
				CURRENT_PROJECT_VERSION = 1;
				DEVELOPMENT_TEAM = A9ZN9N3ZUM;
				GENERATE_INFOPLIST_FILE = YES;
				IPHONEOS_DEPLOYMENT_TARGET = 16.2;
				MARKETING_VERSION = 1.0;
				PRODUCT_BUNDLE_IDENTIFIER = "Navic.Chatroom-messageTests";
				PRODUCT_NAME = "$(TARGET_NAME)";
				SWIFT_EMIT_LOC_STRINGS = NO;
				SWIFT_VERSION = 5.0;
				TARGETED_DEVICE_FAMILY = "1,2";
				TEST_HOST = "$(BUILT_PRODUCTS_DIR)/Chatroom message.app/$(BUNDLE_EXECUTABLE_FOLDER_PATH)/Chatroom message";
			};
			name = Debug;
		};
		492C3165299B7E3B00390D9D /* Release */ = {
			isa = XCBuildConfiguration;
			buildSettings = {
				ALWAYS_EMBED_SWIFT_STANDARD_LIBRARIES = YES;
				BUNDLE_LOADER = "$(TEST_HOST)";
				CODE_SIGN_STYLE = Automatic;
				CURRENT_PROJECT_VERSION = 1;
				DEVELOPMENT_TEAM = A9ZN9N3ZUM;
				GENERATE_INFOPLIST_FILE = YES;
				IPHONEOS_DEPLOYMENT_TARGET = 16.2;
				MARKETING_VERSION = 1.0;
				PRODUCT_BUNDLE_IDENTIFIER = "Navic.Chatroom-messageTests";
				PRODUCT_NAME = "$(TARGET_NAME)";
				SWIFT_EMIT_LOC_STRINGS = NO;
				SWIFT_VERSION = 5.0;
				TARGETED_DEVICE_FAMILY = "1,2";
				TEST_HOST = "$(BUILT_PRODUCTS_DIR)/Chatroom message.app/$(BUNDLE_EXECUTABLE_FOLDER_PATH)/Chatroom message";
			};
			name = Release;
		};
		492C3167299B7E3B00390D9D /* Debug */ = {
			isa = XCBuildConfiguration;
			buildSettings = {
				ALWAYS_EMBED_SWIFT_STANDARD_LIBRARIES = YES;
				CODE_SIGN_STYLE = Automatic;
				CURRENT_PROJECT_VERSION = 1;
				DEVELOPMENT_TEAM = A9ZN9N3ZUM;
				GENERATE_INFOPLIST_FILE = YES;
				MARKETING_VERSION = 1.0;
				PRODUCT_BUNDLE_IDENTIFIER = "Navic.Chatroom-messageUITests";
				PRODUCT_NAME = "$(TARGET_NAME)";
				SWIFT_EMIT_LOC_STRINGS = NO;
				SWIFT_VERSION = 5.0;
				TARGETED_DEVICE_FAMILY = "1,2";
				TEST_TARGET_NAME = "Chatroom message";
			};
			name = Debug;
		};
		492C3168299B7E3B00390D9D /* Release */ = {
			isa = XCBuildConfiguration;
			buildSettings = {
				ALWAYS_EMBED_SWIFT_STANDARD_LIBRARIES = YES;
				CODE_SIGN_STYLE = Automatic;
				CURRENT_PROJECT_VERSION = 1;
				DEVELOPMENT_TEAM = A9ZN9N3ZUM;
				GENERATE_INFOPLIST_FILE = YES;
				MARKETING_VERSION = 1.0;
				PRODUCT_BUNDLE_IDENTIFIER = "Navic.Chatroom-messageUITests";
				PRODUCT_NAME = "$(TARGET_NAME)";
				SWIFT_EMIT_LOC_STRINGS = NO;
				SWIFT_VERSION = 5.0;
				TARGETED_DEVICE_FAMILY = "1,2";
				TEST_TARGET_NAME = "Chatroom message";
			};
			name = Release;
		};
/* End XCBuildConfiguration section */

/* Begin XCConfigurationList section */
		492C3132299B7E3900390D9D /* Build configuration list for PBXProject "Chatroom message" */ = {
			isa = XCConfigurationList;
			buildConfigurations = (
				492C315E299B7E3B00390D9D /* Debug */,
				492C315F299B7E3B00390D9D /* Release */,
			);
			defaultConfigurationIsVisible = 0;
			defaultConfigurationName = Release;
		};
		492C3160299B7E3B00390D9D /* Build configuration list for PBXNativeTarget "Chatroom message" */ = {
			isa = XCConfigurationList;
			buildConfigurations = (
				492C3161299B7E3B00390D9D /* Debug */,
				492C3162299B7E3B00390D9D /* Release */,
			);
			defaultConfigurationIsVisible = 0;
			defaultConfigurationName = Release;
		};
		492C3163299B7E3B00390D9D /* Build configuration list for PBXNativeTarget "Chatroom messageTests" */ = {
			isa = XCConfigurationList;
			buildConfigurations = (
				492C3164299B7E3B00390D9D /* Debug */,
				492C3165299B7E3B00390D9D /* Release */,
			);
			defaultConfigurationIsVisible = 0;
			defaultConfigurationName = Release;
		};
		492C3166299B7E3B00390D9D /* Build configuration list for PBXNativeTarget "Chatroom messageUITests" */ = {
			isa = XCConfigurationList;
			buildConfigurations = (
				492C3167299B7E3B00390D9D /* Debug */,
				492C3168299B7E3B00390D9D /* Release */,
			);
			defaultConfigurationIsVisible = 0;
			defaultConfigurationName = Release;
		};
/* End XCConfigurationList section */

/* Begin XCVersionGroup section */
		492C3145299B7E3A00390D9D /* Chatroom_message.xcdatamodeld */ = {
			isa = XCVersionGroup;
			children = (
				492C3146299B7E3A00390D9D /* Chatroom_message.xcdatamodel */,
			);
			currentVersion = 492C3146299B7E3A00390D9D /* Chatroom_message.xcdatamodel */;
			path = Chatroom_message.xcdatamodeld;
			sourceTree = "<group>";
			versionGroupType = wrapper.xcdatamodel;
		};
/* End XCVersionGroup section */
	};
	rootObject = 492C312F299B7E3900390D9D /* Project object */;
}
